// !$*UTF8*$!
{
	archiveVersion = 1;
	classes = {
	};
	objectVersion = 50;
	objects = {

/* Begin PBXBuildFile section */
		02B35020235BB4B800A1BC2D /* AppDelegate.swift in Sources */ = {isa = PBXBuildFile; fileRef = 02B3501F235BB4B800A1BC2D /* AppDelegate.swift */; };
		02B35022235BB4B800A1BC2D /* SceneDelegate.swift in Sources */ = {isa = PBXBuildFile; fileRef = 02B35021235BB4B800A1BC2D /* SceneDelegate.swift */; };
		02B35027235BB4B800A1BC2D /* Main.storyboard in Resources */ = {isa = PBXBuildFile; fileRef = 02B35025235BB4B800A1BC2D /* Main.storyboard */; };
		02B35029235BB4BA00A1BC2D /* Assets.xcassets in Resources */ = {isa = PBXBuildFile; fileRef = 02B35028235BB4BA00A1BC2D /* Assets.xcassets */; };
		02B3502C235BB4BA00A1BC2D /* LaunchScreen.storyboard in Resources */ = {isa = PBXBuildFile; fileRef = 02B3502A235BB4BA00A1BC2D /* LaunchScreen.storyboard */; };
		02B35035235BB5CE00A1BC2D /* OrdersTableViewController.swift in Sources */ = {isa = PBXBuildFile; fileRef = 02B35034235BB5CE00A1BC2D /* OrdersTableViewController.swift */; };
		02B35037235BB60F00A1BC2D /* AddOrderViewController.swift in Sources */ = {isa = PBXBuildFile; fileRef = 02B35036235BB60F00A1BC2D /* AddOrderViewController.swift */; };
		02B3503A235BBAD100A1BC2D /* Webservice.swift in Sources */ = {isa = PBXBuildFile; fileRef = 02B35039235BBAD100A1BC2D /* Webservice.swift */; };
		02B3503D235BBD5A00A1BC2D /* Order.swift in Sources */ = {isa = PBXBuildFile; fileRef = 02B3503C235BBD5A00A1BC2D /* Order.swift */; };
/* End PBXBuildFile section */

/* Begin PBXFileReference section */
		02B3501C235BB4B800A1BC2D /* CoffeeMVVM.app */ = {isa = PBXFileReference; explicitFileType = wrapper.application; includeInIndex = 0; path = CoffeeMVVM.app; sourceTree = BUILT_PRODUCTS_DIR; };
		02B3501F235BB4B800A1BC2D /* AppDelegate.swift */ = {isa = PBXFileReference; lastKnownFileType = sourcecode.swift; path = AppDelegate.swift; sourceTree = "<group>"; };
		02B35021235BB4B800A1BC2D /* SceneDelegate.swift */ = {isa = PBXFileReference; lastKnownFileType = sourcecode.swift; path = SceneDelegate.swift; sourceTree = "<group>"; };
		02B35026235BB4B800A1BC2D /* Base */ = {isa = PBXFileReference; lastKnownFileType = file.storyboard; name = Base; path = Base.lproj/Main.storyboard; sourceTree = "<group>"; };
		02B35028235BB4BA00A1BC2D /* Assets.xcassets */ = {isa = PBXFileReference; lastKnownFileType = folder.assetcatalog; path = Assets.xcassets; sourceTree = "<group>"; };
		02B3502B235BB4BA00A1BC2D /* Base */ = {isa = PBXFileReference; lastKnownFileType = file.storyboard; name = Base; path = Base.lproj/LaunchScreen.storyboard; sourceTree = "<group>"; };
		02B3502D235BB4BA00A1BC2D /* Info.plist */ = {isa = PBXFileReference; lastKnownFileType = text.plist.xml; path = Info.plist; sourceTree = "<group>"; };
		02B35034235BB5CE00A1BC2D /* OrdersTableViewController.swift */ = {isa = PBXFileReference; lastKnownFileType = sourcecode.swift; path = OrdersTableViewController.swift; sourceTree = "<group>"; };
		02B35036235BB60F00A1BC2D /* AddOrderViewController.swift */ = {isa = PBXFileReference; lastKnownFileType = sourcecode.swift; path = AddOrderViewController.swift; sourceTree = "<group>"; };
		02B35039235BBAD100A1BC2D /* Webservice.swift */ = {isa = PBXFileReference; lastKnownFileType = sourcecode.swift; path = Webservice.swift; sourceTree = "<group>"; };
		02B3503C235BBD5A00A1BC2D /* Order.swift */ = {isa = PBXFileReference; lastKnownFileType = sourcecode.swift; path = Order.swift; sourceTree = "<group>"; };
/* End PBXFileReference section */

/* Begin PBXFrameworksBuildPhase section */
		02B35019235BB4B800A1BC2D /* Frameworks */ = {
			isa = PBXFrameworksBuildPhase;
			buildActionMask = 2147483647;
			files = (
			);
			runOnlyForDeploymentPostprocessing = 0;
		};
/* End PBXFrameworksBuildPhase section */

/* Begin PBXGroup section */
		02B35013235BB4B800A1BC2D = {
			isa = PBXGroup;
			children = (
				02B3501E235BB4B800A1BC2D /* CoffeeMVVM */,
				02B3501D235BB4B800A1BC2D /* Products */,
			);
			sourceTree = "<group>";
		};
		02B3501D235BB4B800A1BC2D /* Products */ = {
			isa = PBXGroup;
			children = (
				02B3501C235BB4B800A1BC2D /* CoffeeMVVM.app */,
			);
			name = Products;
			sourceTree = "<group>";
		};
		02B3501E235BB4B800A1BC2D /* CoffeeMVVM */ = {
			isa = PBXGroup;
			children = (
				02B3503B235BBD4A00A1BC2D /* Models */,
				02B35038235BBABB00A1BC2D /* Services */,
				02B35033235BB50700A1BC2D /* Controllers */,
				02B3501F235BB4B800A1BC2D /* AppDelegate.swift */,
				02B35021235BB4B800A1BC2D /* SceneDelegate.swift */,
				02B35025235BB4B800A1BC2D /* Main.storyboard */,
				02B35028235BB4BA00A1BC2D /* Assets.xcassets */,
				02B3502A235BB4BA00A1BC2D /* LaunchScreen.storyboard */,
				02B3502D235BB4BA00A1BC2D /* Info.plist */,
			);
			path = CoffeeMVVM;
			sourceTree = "<group>";
		};
		02B35033235BB50700A1BC2D /* Controllers */ = {
			isa = PBXGroup;
			children = (
				02B35034235BB5CE00A1BC2D /* OrdersTableViewController.swift */,
				02B35036235BB60F00A1BC2D /* AddOrderViewController.swift */,
			);
			path = Controllers;
			sourceTree = "<group>";
		};
		02B35038235BBABB00A1BC2D /* Services */ = {
			isa = PBXGroup;
			children = (
				02B35039235BBAD100A1BC2D /* Webservice.swift */,
			);
			path = Services;
			sourceTree = "<group>";
		};
		02B3503B235BBD4A00A1BC2D /* Models */ = {
			isa = PBXGroup;
			children = (
				02B3503C235BBD5A00A1BC2D /* Order.swift */,
			);
			path = Models;
			sourceTree = "<group>";
		};
/* End PBXGroup section */

/* Begin PBXNativeTarget section */
		02B3501B235BB4B800A1BC2D /* CoffeeMVVM */ = {
			isa = PBXNativeTarget;
			buildConfigurationList = 02B35030235BB4BA00A1BC2D /* Build configuration list for PBXNativeTarget "CoffeeMVVM" */;
			buildPhases = (
				02B35018235BB4B800A1BC2D /* Sources */,
				02B35019235BB4B800A1BC2D /* Frameworks */,
				02B3501A235BB4B800A1BC2D /* Resources */,
			);
			buildRules = (
			);
			dependencies = (
			);
			name = CoffeeMVVM;
			productName = CoffeeMVVM;
			productReference = 02B3501C235BB4B800A1BC2D /* CoffeeMVVM.app */;
			productType = "com.apple.product-type.application";
		};
/* End PBXNativeTarget section */

/* Begin PBXProject section */
		02B35014235BB4B800A1BC2D /* Project object */ = {
			isa = PBXProject;
			attributes = {
				LastSwiftUpdateCheck = 1110;
				LastUpgradeCheck = 1110;
				ORGANIZATIONNAME = "Matthew Manion";
				TargetAttributes = {
					02B3501B235BB4B800A1BC2D = {
						CreatedOnToolsVersion = 11.1;
					};
				};
			};
			buildConfigurationList = 02B35017235BB4B800A1BC2D /* Build configuration list for PBXProject "CoffeeMVVM" */;
			compatibilityVersion = "Xcode 9.3";
			developmentRegion = en;
			hasScannedForEncodings = 0;
			knownRegions = (
				en,
				Base,
			);
			mainGroup = 02B35013235BB4B800A1BC2D;
			productRefGroup = 02B3501D235BB4B800A1BC2D /* Products */;
			projectDirPath = "";
			projectRoot = "";
			targets = (
				02B3501B235BB4B800A1BC2D /* CoffeeMVVM */,
			);
		};
/* End PBXProject section */

/* Begin PBXResourcesBuildPhase section */
		02B3501A235BB4B800A1BC2D /* Resources */ = {
			isa = PBXResourcesBuildPhase;
			buildActionMask = 2147483647;
			files = (
				02B3502C235BB4BA00A1BC2D /* LaunchScreen.storyboard in Resources */,
				02B35029235BB4BA00A1BC2D /* Assets.xcassets in Resources */,
				02B35027235BB4B800A1BC2D /* Main.storyboard in Resources */,
			);
			runOnlyForDeploymentPostprocessing = 0;
		};
/* End PBXResourcesBuildPhase section */

/* Begin PBXSourcesBuildPhase section */
		02B35018235BB4B800A1BC2D /* Sources */ = {
			isa = PBXSourcesBuildPhase;
			buildActionMask = 2147483647;
			files = (
				02B3503D235BBD5A00A1BC2D /* Order.swift in Sources */,
				02B35020235BB4B800A1BC2D /* AppDelegate.swift in Sources */,
				02B35022235BB4B800A1BC2D /* SceneDelegate.swift in Sources */,
				02B35035235BB5CE00A1BC2D /* OrdersTableViewController.swift in Sources */,
				02B3503A235BBAD100A1BC2D /* Webservice.swift in Sources */,
				02B35037235BB60F00A1BC2D /* AddOrderViewController.swift in Sources */,
			);
			runOnlyForDeploymentPostprocessing = 0;
		};
/* End PBXSourcesBuildPhase section */

/* Begin PBXVariantGroup section */
		02B35025235BB4B800A1BC2D /* Main.storyboard */ = {
			isa = PBXVariantGroup;
			children = (
				02B35026235BB4B800A1BC2D /* Base */,
			);
			name = Main.storyboard;
			sourceTree = "<group>";
		};
		02B3502A235BB4BA00A1BC2D /* LaunchScreen.storyboard */ = {
			isa = PBXVariantGroup;
			children = (
				02B3502B235BB4BA00A1BC2D /* Base */,
			);
			name = LaunchScreen.storyboard;
			sourceTree = "<group>";
		};
/* End PBXVariantGroup section */

/* Begin XCBuildConfiguration section */
		02B3502E235BB4BA00A1BC2D /* Debug */ = {
			isa = XCBuildConfiguration;
			buildSettings = {
				ALWAYS_SEARCH_USER_PATHS = NO;
				CLANG_ANALYZER_NONNULL = YES;
				CLANG_ANALYZER_NUMBER_OBJECT_CONVERSION = YES_AGGRESSIVE;
				CLANG_CXX_LANGUAGE_STANDARD = "gnu++14";
				CLANG_CXX_LIBRARY = "libc++";
				CLANG_ENABLE_MODULES = YES;
				CLANG_ENABLE_OBJC_ARC = YES;
				CLANG_ENABLE_OBJC_WEAK = YES;
				CLANG_WARN_BLOCK_CAPTURE_AUTORELEASING = YES;
				CLANG_WARN_BOOL_CONVERSION = YES;
				CLANG_WARN_COMMA = YES;
				CLANG_WARN_CONSTANT_CONVERSION = YES;
				CLANG_WARN_DEPRECATED_OBJC_IMPLEMENTATIONS = YES;
				CLANG_WARN_DIRECT_OBJC_ISA_USAGE = YES_ERROR;
				CLANG_WARN_DOCUMENTATION_COMMENTS = YES;
				CLANG_WARN_EMPTY_BODY = YES;
				CLANG_WARN_ENUM_CONVERSION = YES;
				CLANG_WARN_INFINITE_RECURSION = YES;
				CLANG_WARN_INT_CONVERSION = YES;
				CLANG_WARN_NON_LITERAL_NULL_CONVERSION = YES;
				CLANG_WARN_OBJC_IMPLICIT_RETAIN_SELF = YES;
				CLANG_WARN_OBJC_LITERAL_CONVERSION = YES;
				CLANG_WARN_OBJC_ROOT_CLASS = YES_ERROR;
				CLANG_WARN_RANGE_LOOP_ANALYSIS = YES;
				CLANG_WARN_STRICT_PROTOTYPES = YES;
				CLANG_WARN_SUSPICIOUS_MOVE = YES;
				CLANG_WARN_UNGUARDED_AVAILABILITY = YES_AGGRESSIVE;
				CLANG_WARN_UNREACHABLE_CODE = YES;
				CLANG_WARN__DUPLICATE_METHOD_MATCH = YES;
				COPY_PHASE_STRIP = NO;
				DEBUG_INFORMATION_FORMAT = dwarf;
				ENABLE_STRICT_OBJC_MSGSEND = YES;
				ENABLE_TESTABILITY = YES;
				GCC_C_LANGUAGE_STANDARD = gnu11;
				GCC_DYNAMIC_NO_PIC = NO;
				GCC_NO_COMMON_BLOCKS = YES;
				GCC_OPTIMIZATION_LEVEL = 0;
				GCC_PREPROCESSOR_DEFINITIONS = (
					"DEBUG=1",
					"$(inherited)",
				);
				GCC_WARN_64_TO_32_BIT_CONVERSION = YES;
				GCC_WARN_ABOUT_RETURN_TYPE = YES_ERROR;
				GCC_WARN_UNDECLARED_SELECTOR = YES;
				GCC_WARN_UNINITIALIZED_AUTOS = YES_AGGRESSIVE;
				GCC_WARN_UNUSED_FUNCTION = YES;
				GCC_WARN_UNUSED_VARIABLE = YES;
				IPHONEOS_DEPLOYMENT_TARGET = 13.1;
				MTL_ENABLE_DEBUG_INFO = INCLUDE_SOURCE;
				MTL_FAST_MATH = YES;
				ONLY_ACTIVE_ARCH = YES;
				SDKROOT = iphoneos;
				SWIFT_ACTIVE_COMPILATION_CONDITIONS = DEBUG;
				SWIFT_OPTIMIZATION_LEVEL = "-Onone";
			};
			name = Debug;
		};
		02B3502F235BB4BA00A1BC2D /* Release */ = {
			isa = XCBuildConfiguration;
			buildSettings = {
				ALWAYS_SEARCH_USER_PATHS = NO;
				CLANG_ANALYZER_NONNULL = YES;
				CLANG_ANALYZER_NUMBER_OBJECT_CONVERSION = YES_AGGRESSIVE;
				CLANG_CXX_LANGUAGE_STANDARD = "gnu++14";
				CLANG_CXX_LIBRARY = "libc++";
				CLANG_ENABLE_MODULES = YES;
				CLANG_ENABLE_OBJC_ARC = YES;
				CLANG_ENABLE_OBJC_WEAK = YES;
				CLANG_WARN_BLOCK_CAPTURE_AUTORELEASING = YES;
				CLANG_WARN_BOOL_CONVERSION = YES;
				CLANG_WARN_COMMA = YES;
				CLANG_WARN_CONSTANT_CONVERSION = YES;
				CLANG_WARN_DEPRECATED_OBJC_IMPLEMENTATIONS = YES;
				CLANG_WARN_DIRECT_OBJC_ISA_USAGE = YES_ERROR;
				CLANG_WARN_DOCUMENTATION_COMMENTS = YES;
				CLANG_WARN_EMPTY_BODY = YES;
				CLANG_WARN_ENUM_CONVERSION = YES;
				CLANG_WARN_INFINITE_RECURSION = YES;
				CLANG_WARN_INT_CONVERSION = YES;
				CLANG_WARN_NON_LITERAL_NULL_CONVERSION = YES;
				CLANG_WARN_OBJC_IMPLICIT_RETAIN_SELF = YES;
				CLANG_WARN_OBJC_LITERAL_CONVERSION = YES;
				CLANG_WARN_OBJC_ROOT_CLASS = YES_ERROR;
				CLANG_WARN_RANGE_LOOP_ANALYSIS = YES;
				CLANG_WARN_STRICT_PROTOTYPES = YES;
				CLANG_WARN_SUSPICIOUS_MOVE = YES;
				CLANG_WARN_UNGUARDED_AVAILABILITY = YES_AGGRESSIVE;
				CLANG_WARN_UNREACHABLE_CODE = YES;
				CLANG_WARN__DUPLICATE_METHOD_MATCH = YES;
				COPY_PHASE_STRIP = NO;
				DEBUG_INFORMATION_FORMAT = "dwarf-with-dsym";
				ENABLE_NS_ASSERTIONS = NO;
				ENABLE_STRICT_OBJC_MSGSEND = YES;
				GCC_C_LANGUAGE_STANDARD = gnu11;
				GCC_NO_COMMON_BLOCKS = YES;
				GCC_WARN_64_TO_32_BIT_CONVERSION = YES;
				GCC_WARN_ABOUT_RETURN_TYPE = YES_ERROR;
				GCC_WARN_UNDECLARED_SELECTOR = YES;
				GCC_WARN_UNINITIALIZED_AUTOS = YES_AGGRESSIVE;
				GCC_WARN_UNUSED_FUNCTION = YES;
				GCC_WARN_UNUSED_VARIABLE = YES;
				IPHONEOS_DEPLOYMENT_TARGET = 13.1;
				MTL_ENABLE_DEBUG_INFO = NO;
				MTL_FAST_MATH = YES;
				SDKROOT = iphoneos;
				SWIFT_COMPILATION_MODE = wholemodule;
				SWIFT_OPTIMIZATION_LEVEL = "-O";
				VALIDATE_PRODUCT = YES;
			};
			name = Release;
		};
		02B35031235BB4BA00A1BC2D /* Debug */ = {
			isa = XCBuildConfiguration;
			buildSettings = {
				ASSETCATALOG_COMPILER_APPICON_NAME = AppIcon;
				CODE_SIGN_STYLE = Automatic;
				DEVELOPMENT_TEAM = 7NF7983PM9;
				INFOPLIST_FILE = CoffeeMVVM/Info.plist;
				LD_RUNPATH_SEARCH_PATHS = (
					"$(inherited)",
					"@executable_path/Frameworks",
				);
				PRODUCT_BUNDLE_IDENTIFIER = com.matthewmanion.CoffeeMVVM;
				PRODUCT_NAME = "$(TARGET_NAME)";
				SWIFT_VERSION = 5.0;
				TARGETED_DEVICE_FAMILY = "1,2";
			};
			name = Debug;
		};
		02B35032235BB4BA00A1BC2D /* Release */ = {
			isa = XCBuildConfiguration;
			buildSettings = {
				ASSETCATALOG_COMPILER_APPICON_NAME = AppIcon;
				CODE_SIGN_STYLE = Automatic;
				DEVELOPMENT_TEAM = 7NF7983PM9;
				INFOPLIST_FILE = CoffeeMVVM/Info.plist;
				LD_RUNPATH_SEARCH_PATHS = (
					"$(inherited)",
					"@executable_path/Frameworks",
				);
				PRODUCT_BUNDLE_IDENTIFIER = com.matthewmanion.CoffeeMVVM;
				PRODUCT_NAME = "$(TARGET_NAME)";
				SWIFT_VERSION = 5.0;
				TARGETED_DEVICE_FAMILY = "1,2";
			};
			name = Release;
		};
/* End XCBuildConfiguration section */

/* Begin XCConfigurationList section */
		02B35017235BB4B800A1BC2D /* Build configuration list for PBXProject "CoffeeMVVM" */ = {
			isa = XCConfigurationList;
			buildConfigurations = (
				02B3502E235BB4BA00A1BC2D /* Debug */,
				02B3502F235BB4BA00A1BC2D /* Release */,
			);
			defaultConfigurationIsVisible = 0;
			defaultConfigurationName = Release;
		};
		02B35030235BB4BA00A1BC2D /* Build configuration list for PBXNativeTarget "CoffeeMVVM" */ = {
			isa = XCConfigurationList;
			buildConfigurations = (
				02B35031235BB4BA00A1BC2D /* Debug */,
				02B35032235BB4BA00A1BC2D /* Release */,
			);
			defaultConfigurationIsVisible = 0;
			defaultConfigurationName = Release;
		};
/* End XCConfigurationList section */
	};
	rootObject = 02B35014235BB4B800A1BC2D /* Project object */;
}
